
Microsoft Visual Studio Solution File, Format Version 12.00
# Visual Studio Version 16
VisualStudioVersion = 16.0.31205.134
MinimumVisualStudioVersion = 10.0.40219.1
Project("{FAE04EC0-301F-11D3-BF4B-00C04F79EFBC}") = "EFConsole", "EFConsole.csproj", "{D204667B-719C-4E08-9E9D-B31878DC1B7E}"
EndProject
Global
	GlobalSection(SolutionConfigurationPlatforms) = preSolution
		Debug|Any CPU = Debug|Any CPU
		Release|Any CPU = Release|Any CPU
	EndGlobalSection
	GlobalSection(ProjectConfigurationPlatforms) = postSolution
		{D204667B-719C-4E08-9E9D-B31878DC1B7E}.Debug|Any CPU.ActiveCfg = Debug|Any CPU
		{D204667B-719C-4E08-9E9D-B31878DC1B7E}.Debug|Any CPU.Build.0 = Debug|Any CPU
		{D204667B-719C-4E08-9E9D-B31878DC1B7E}.Release|Any CPU.ActiveCfg = Release|Any CPU
		{D204667B-719C-4E08-9E9D-B31878DC1B7E}.Release|Any CPU.Build.0 = Release|Any CPU
	EndGlobalSection
	GlobalSection(SolutionProperties) = preSolution
		HideSolutionNode = FALSE
	EndGlobalSection
	GlobalSection(ExtensibilityGlobals) = postSolution
		SolutionGuid = {1016891E-0B96-45D4-A8AE-DAB4A96252A8}
	EndGlobalSection
EndGlobal
